// !$*UTF8*$!
{
	archiveVersion = 1;
	classes = {
	};
	objectVersion = 46;
	objects = {

/* Begin PBXBuildFile section */
		C4A0F0A2149BA6CE00625E3D /* KataTest.m in Sources */ = {isa = PBXBuildFile; fileRef = C4A0F0A1149BA6CE00625E3D /* KataTest.m */; };
		C4A0F0A6149BA7DD00625E3D /* libOCMock.a in Frameworks */ = {isa = PBXBuildFile; fileRef = C4A0F0A5149BA7DD00625E3D /* libOCMock.a */; };
		C4BFDFE31497C81E00A2E86A /* UIKit.framework in Frameworks */ = {isa = PBXBuildFile; fileRef = C4BFDFE21497C81E00A2E86A /* UIKit.framework */; };
		C4BFDFE51497C81E00A2E86A /* Foundation.framework in Frameworks */ = {isa = PBXBuildFile; fileRef = C4BFDFE41497C81E00A2E86A /* Foundation.framework */; };
		C4BFDFE71497C81E00A2E86A /* CoreGraphics.framework in Frameworks */ = {isa = PBXBuildFile; fileRef = C4BFDFE61497C81E00A2E86A /* CoreGraphics.framework */; };
		C4BFDFED1497C81E00A2E86A /* InfoPlist.strings in Resources */ = {isa = PBXBuildFile; fileRef = C4BFDFEB1497C81E00A2E86A /* InfoPlist.strings */; };
		C4BFDFEF1497C81E00A2E86A /* main.m in Sources */ = {isa = PBXBuildFile; fileRef = C4BFDFEE1497C81E00A2E86A /* main.m */; };
		C4BFDFF31497C81E00A2E86A /* AppDelegate.m in Sources */ = {isa = PBXBuildFile; fileRef = C4BFDFF21497C81E00A2E86A /* AppDelegate.m */; };
		C4BFDFF61497C81E00A2E86A /* ViewController.m in Sources */ = {isa = PBXBuildFile; fileRef = C4BFDFF51497C81E00A2E86A /* ViewController.m */; };
		C4BFDFF91497C81E00A2E86A /* ViewController.xib in Resources */ = {isa = PBXBuildFile; fileRef = C4BFDFF71497C81E00A2E86A /* ViewController.xib */; };
		C4BFE0011497C81E00A2E86A /* SenTestingKit.framework in Frameworks */ = {isa = PBXBuildFile; fileRef = C4BFE0001497C81E00A2E86A /* SenTestingKit.framework */; };
		C4BFE0021497C81E00A2E86A /* UIKit.framework in Frameworks */ = {isa = PBXBuildFile; fileRef = C4BFDFE21497C81E00A2E86A /* UIKit.framework */; };
		C4BFE0031497C81E00A2E86A /* Foundation.framework in Frameworks */ = {isa = PBXBuildFile; fileRef = C4BFDFE41497C81E00A2E86A /* Foundation.framework */; };
		C4BFE00B1497C81E00A2E86A /* InfoPlist.strings in Resources */ = {isa = PBXBuildFile; fileRef = C4BFE0091497C81E00A2E86A /* InfoPlist.strings */; };
		C4BFE00E1497C81E00A2E86A /* RIISKataTests.m in Sources */ = {isa = PBXBuildFile; fileRef = C4BFE00D1497C81E00A2E86A /* RIISKataTests.m */; };
/* End PBXBuildFile section */

/* Begin PBXContainerItemProxy section */
		C4BFE0041497C81E00A2E86A /* PBXContainerItemProxy */ = {
			isa = PBXContainerItemProxy;
			containerPortal = C4BFDFD51497C81E00A2E86A /* Project object */;
			proxyType = 1;
			remoteGlobalIDString = C4BFDFDD1497C81E00A2E86A;
			remoteInfo = RIISKata;
		};
/* End PBXContainerItemProxy section */

/* Begin PBXFileReference section */
		C4A0F0A0149BA6CE00625E3D /* KataTest.h */ = {isa = PBXFileReference; fileEncoding = 4; lastKnownFileType = sourcecode.c.h; path = KataTest.h; sourceTree = "<group>"; };
		C4A0F0A1149BA6CE00625E3D /* KataTest.m */ = {isa = PBXFileReference; fileEncoding = 4; lastKnownFileType = sourcecode.c.objc; path = KataTest.m; sourceTree = "<group>"; };
		C4A0F0A5149BA7DD00625E3D /* libOCMock.a */ = {isa = PBXFileReference; lastKnownFileType = archive.ar; name = libOCMock.a; path = Libraries/libOCMock.a; sourceTree = "<group>"; };
		C4BFDFDE1497C81E00A2E86A /* RIISKata.app */ = {isa = PBXFileReference; explicitFileType = wrapper.application; includeInIndex = 0; path = RIISKata.app; sourceTree = BUILT_PRODUCTS_DIR; };
		C4BFDFE21497C81E00A2E86A /* UIKit.framework */ = {isa = PBXFileReference; lastKnownFileType = wrapper.framework; name = UIKit.framework; path = System/Library/Frameworks/UIKit.framework; sourceTree = SDKROOT; };
		C4BFDFE41497C81E00A2E86A /* Foundation.framework */ = {isa = PBXFileReference; lastKnownFileType = wrapper.framework; name = Foundation.framework; path = System/Library/Frameworks/Foundation.framework; sourceTree = SDKROOT; };
		C4BFDFE61497C81E00A2E86A /* CoreGraphics.framework */ = {isa = PBXFileReference; lastKnownFileType = wrapper.framework; name = CoreGraphics.framework; path = System/Library/Frameworks/CoreGraphics.framework; sourceTree = SDKROOT; };
		C4BFDFEA1497C81E00A2E86A /* RIISKata-Info.plist */ = {isa = PBXFileReference; lastKnownFileType = text.plist.xml; path = "RIISKata-Info.plist"; sourceTree = "<group>"; };
		C4BFDFEC1497C81E00A2E86A /* en */ = {isa = PBXFileReference; lastKnownFileType = text.plist.strings; name = en; path = en.lproj/InfoPlist.strings; sourceTree = "<group>"; };
		C4BFDFEE1497C81E00A2E86A /* main.m */ = {isa = PBXFileReference; lastKnownFileType = sourcecode.c.objc; path = main.m; sourceTree = "<group>"; };
		C4BFDFF01497C81E00A2E86A /* RIISKata-Prefix.pch */ = {isa = PBXFileReference; lastKnownFileType = sourcecode.c.h; path = "RIISKata-Prefix.pch"; sourceTree = "<group>"; };
		C4BFDFF11497C81E00A2E86A /* AppDelegate.h */ = {isa = PBXFileReference; lastKnownFileType = sourcecode.c.h; path = AppDelegate.h; sourceTree = "<group>"; };
		C4BFDFF21497C81E00A2E86A /* AppDelegate.m */ = {isa = PBXFileReference; lastKnownFileType = sourcecode.c.objc; path = AppDelegate.m; sourceTree = "<group>"; };
		C4BFDFF41497C81E00A2E86A /* ViewController.h */ = {isa = PBXFileReference; lastKnownFileType = sourcecode.c.h; path = ViewController.h; sourceTree = "<group>"; };
		C4BFDFF51497C81E00A2E86A /* ViewController.m */ = {isa = PBXFileReference; lastKnownFileType = sourcecode.c.objc; path = ViewController.m; sourceTree = "<group>"; };
		C4BFDFF81497C81E00A2E86A /* en */ = {isa = PBXFileReference; lastKnownFileType = file.xib; name = en; path = en.lproj/ViewController.xib; sourceTree = "<group>"; };
		C4BFDFFF1497C81E00A2E86A /* RIISKataTests.octest */ = {isa = PBXFileReference; explicitFileType = wrapper.cfbundle; includeInIndex = 0; path = RIISKataTests.octest; sourceTree = BUILT_PRODUCTS_DIR; };
		C4BFE0001497C81E00A2E86A /* SenTestingKit.framework */ = {isa = PBXFileReference; lastKnownFileType = wrapper.framework; name = SenTestingKit.framework; path = Library/Frameworks/SenTestingKit.framework; sourceTree = DEVELOPER_DIR; };
		C4BFE0081497C81E00A2E86A /* RIISKataTests-Info.plist */ = {isa = PBXFileReference; lastKnownFileType = text.plist.xml; path = "RIISKataTests-Info.plist"; sourceTree = "<group>"; };
		C4BFE00A1497C81E00A2E86A /* en */ = {isa = PBXFileReference; lastKnownFileType = text.plist.strings; name = en; path = en.lproj/InfoPlist.strings; sourceTree = "<group>"; };
		C4BFE00C1497C81E00A2E86A /* RIISKataTests.h */ = {isa = PBXFileReference; lastKnownFileType = sourcecode.c.h; path = RIISKataTests.h; sourceTree = "<group>"; };
		C4BFE00D1497C81E00A2E86A /* RIISKataTests.m */ = {isa = PBXFileReference; lastKnownFileType = sourcecode.c.objc; path = RIISKataTests.m; sourceTree = "<group>"; };
/* End PBXFileReference section */

/* Begin PBXFrameworksBuildPhase section */
		C4BFDFDB1497C81E00A2E86A /* Frameworks */ = {
			isa = PBXFrameworksBuildPhase;
			buildActionMask = 2147483647;
			files = (
				C4BFDFE31497C81E00A2E86A /* UIKit.framework in Frameworks */,
				C4BFDFE51497C81E00A2E86A /* Foundation.framework in Frameworks */,
				C4BFDFE71497C81E00A2E86A /* CoreGraphics.framework in Frameworks */,
			);
			runOnlyForDeploymentPostprocessing = 0;
		};
		C4BFDFFB1497C81E00A2E86A /* Frameworks */ = {
			isa = PBXFrameworksBuildPhase;
			buildActionMask = 2147483647;
			files = (
				C4A0F0A6149BA7DD00625E3D /* libOCMock.a in Frameworks */,
				C4BFE0011497C81E00A2E86A /* SenTestingKit.framework in Frameworks */,
				C4BFE0021497C81E00A2E86A /* UIKit.framework in Frameworks */,
				C4BFE0031497C81E00A2E86A /* Foundation.framework in Frameworks */,
			);
			runOnlyForDeploymentPostprocessing = 0;
		};
/* End PBXFrameworksBuildPhase section */

/* Begin PBXGroup section */
		C4BFDFD31497C81E00A2E86A = {
			isa = PBXGroup;
			children = (
				C4BFDFE81497C81E00A2E86A /* RIISKata */,
				C4BFE0061497C81E00A2E86A /* RIISKataTests */,
				C4BFDFE11497C81E00A2E86A /* Frameworks */,
				C4BFDFDF1497C81E00A2E86A /* Products */,
			);
			sourceTree = "<group>";
		};
		C4BFDFDF1497C81E00A2E86A /* Products */ = {
			isa = PBXGroup;
			children = (
				C4BFDFDE1497C81E00A2E86A /* RIISKata.app */,
				C4BFDFFF1497C81E00A2E86A /* RIISKataTests.octest */,
			);
			name = Products;
			sourceTree = "<group>";
		};
		C4BFDFE11497C81E00A2E86A /* Frameworks */ = {
			isa = PBXGroup;
			children = (
				C4A0F0A5149BA7DD00625E3D /* libOCMock.a */,
				C4BFDFE21497C81E00A2E86A /* UIKit.framework */,
				C4BFDFE41497C81E00A2E86A /* Foundation.framework */,
				C4BFDFE61497C81E00A2E86A /* CoreGraphics.framework */,
				C4BFE0001497C81E00A2E86A /* SenTestingKit.framework */,
			);
			name = Frameworks;
			sourceTree = "<group>";
		};
		C4BFDFE81497C81E00A2E86A /* RIISKata */ = {
			isa = PBXGroup;
			children = (
				C4BFDFF11497C81E00A2E86A /* AppDelegate.h */,
				C4BFDFF21497C81E00A2E86A /* AppDelegate.m */,
				C4BFDFF41497C81E00A2E86A /* ViewController.h */,
				C4BFDFF51497C81E00A2E86A /* ViewController.m */,
				C4BFDFF71497C81E00A2E86A /* ViewController.xib */,
				C4BFDFE91497C81E00A2E86A /* Supporting Files */,
			);
			path = RIISKata;
			sourceTree = "<group>";
		};
		C4BFDFE91497C81E00A2E86A /* Supporting Files */ = {
			isa = PBXGroup;
			children = (
				C4BFDFEA1497C81E00A2E86A /* RIISKata-Info.plist */,
				C4BFDFEB1497C81E00A2E86A /* InfoPlist.strings */,
				C4BFDFEE1497C81E00A2E86A /* main.m */,
				C4BFDFF01497C81E00A2E86A /* RIISKata-Prefix.pch */,
			);
			name = "Supporting Files";
			sourceTree = "<group>";
		};
		C4BFE0061497C81E00A2E86A /* RIISKataTests */ = {
			isa = PBXGroup;
			children = (
				C4A0F0A0149BA6CE00625E3D /* KataTest.h */,
				C4A0F0A1149BA6CE00625E3D /* KataTest.m */,
				C4BFE00C1497C81E00A2E86A /* RIISKataTests.h */,
				C4BFE00D1497C81E00A2E86A /* RIISKataTests.m */,
				C4BFE0071497C81E00A2E86A /* Supporting Files */,
			);
			path = RIISKataTests;
			sourceTree = "<group>";
		};
		C4BFE0071497C81E00A2E86A /* Supporting Files */ = {
			isa = PBXGroup;
			children = (
				C4BFE0081497C81E00A2E86A /* RIISKataTests-Info.plist */,
				C4BFE0091497C81E00A2E86A /* InfoPlist.strings */,
			);
			name = "Supporting Files";
			sourceTree = "<group>";
		};
/* End PBXGroup section */

/* Begin PBXNativeTarget section */
		C4BFDFDD1497C81E00A2E86A /* RIISKata */ = {
			isa = PBXNativeTarget;
			buildConfigurationList = C4BFE0111497C81E00A2E86A /* Build configuration list for PBXNativeTarget "RIISKata" */;
			buildPhases = (
				C4BFDFDA1497C81E00A2E86A /* Sources */,
				C4BFDFDB1497C81E00A2E86A /* Frameworks */,
				C4BFDFDC1497C81E00A2E86A /* Resources */,
			);
			buildRules = (
			);
			dependencies = (
			);
			name = RIISKata;
			productName = RIISKata;
			productReference = C4BFDFDE1497C81E00A2E86A /* RIISKata.app */;
			productType = "com.apple.product-type.application";
		};
		C4BFDFFE1497C81E00A2E86A /* RIISKataTests */ = {
			isa = PBXNativeTarget;
			buildConfigurationList = C4BFE0141497C81E00A2E86A /* Build configuration list for PBXNativeTarget "RIISKataTests" */;
			buildPhases = (
				C4BFDFFA1497C81E00A2E86A /* Sources */,
				C4BFDFFB1497C81E00A2E86A /* Frameworks */,
				C4BFDFFC1497C81E00A2E86A /* Resources */,
				C4BFDFFD1497C81E00A2E86A /* ShellScript */,
			);
			buildRules = (
			);
			dependencies = (
				C4BFE0051497C81E00A2E86A /* PBXTargetDependency */,
			);
			name = RIISKataTests;
			productName = RIISKataTests;
			productReference = C4BFDFFF1497C81E00A2E86A /* RIISKataTests.octest */;
			productType = "com.apple.product-type.bundle";
		};
/* End PBXNativeTarget section */

/* Begin PBXProject section */
		C4BFDFD51497C81E00A2E86A /* Project object */ = {
			isa = PBXProject;
			attributes = {
				LastUpgradeCheck = 0420;
			};
			buildConfigurationList = C4BFDFD81497C81E00A2E86A /* Build configuration list for PBXProject "RIISKata" */;
			compatibilityVersion = "Xcode 3.2";
			developmentRegion = English;
			hasScannedForEncodings = 0;
			knownRegions = (
				en,
			);
			mainGroup = C4BFDFD31497C81E00A2E86A;
			productRefGroup = C4BFDFDF1497C81E00A2E86A /* Products */;
			projectDirPath = "";
			projectRoot = "";
			targets = (
				C4BFDFDD1497C81E00A2E86A /* RIISKata */,
				C4BFDFFE1497C81E00A2E86A /* RIISKataTests */,
			);
		};
/* End PBXProject section */

/* Begin PBXResourcesBuildPhase section */
		C4BFDFDC1497C81E00A2E86A /* Resources */ = {
			isa = PBXResourcesBuildPhase;
			buildActionMask = 2147483647;
			files = (
				C4BFDFED1497C81E00A2E86A /* InfoPlist.strings in Resources */,
				C4BFDFF91497C81E00A2E86A /* ViewController.xib in Resources */,
			);
			runOnlyForDeploymentPostprocessing = 0;
		};
		C4BFDFFC1497C81E00A2E86A /* Resources */ = {
			isa = PBXResourcesBuildPhase;
			buildActionMask = 2147483647;
			files = (
				C4BFE00B1497C81E00A2E86A /* InfoPlist.strings in Resources */,
			);
			runOnlyForDeploymentPostprocessing = 0;
		};
/* End PBXResourcesBuildPhase section */

/* Begin PBXShellScriptBuildPhase section */
		C4BFDFFD1497C81E00A2E86A /* ShellScript */ = {
			isa = PBXShellScriptBuildPhase;
			buildActionMask = 2147483647;
			files = (
			);
			inputPaths = (
			);
			outputPaths = (
			);
			runOnlyForDeploymentPostprocessing = 0;
			shellPath = /bin/sh;
			shellScript = "# Run the unit tests in this test bundle.\n\"${SYSTEM_DEVELOPER_DIR}/Tools/RunUnitTests\"\n";
		};
/* End PBXShellScriptBuildPhase section */

/* Begin PBXSourcesBuildPhase section */
		C4BFDFDA1497C81E00A2E86A /* Sources */ = {
			isa = PBXSourcesBuildPhase;
			buildActionMask = 2147483647;
			files = (
				C4BFDFEF1497C81E00A2E86A /* main.m in Sources */,
				C4BFDFF31497C81E00A2E86A /* AppDelegate.m in Sources */,
				C4BFDFF61497C81E00A2E86A /* ViewController.m in Sources */,
			);
			runOnlyForDeploymentPostprocessing = 0;
		};
		C4BFDFFA1497C81E00A2E86A /* Sources */ = {
			isa = PBXSourcesBuildPhase;
			buildActionMask = 2147483647;
			files = (
				C4BFE00E1497C81E00A2E86A /* RIISKataTests.m in Sources */,
				C4A0F0A2149BA6CE00625E3D /* KataTest.m in Sources */,
			);
			runOnlyForDeploymentPostprocessing = 0;
		};
/* End PBXSourcesBuildPhase section */

/* Begin PBXTargetDependency section */
		C4BFE0051497C81E00A2E86A /* PBXTargetDependency */ = {
			isa = PBXTargetDependency;
			target = C4BFDFDD1497C81E00A2E86A /* RIISKata */;
			targetProxy = C4BFE0041497C81E00A2E86A /* PBXContainerItemProxy */;
		};
/* End PBXTargetDependency section */

/* Begin PBXVariantGroup section */
		C4BFDFEB1497C81E00A2E86A /* InfoPlist.strings */ = {
			isa = PBXVariantGroup;
			children = (
				C4BFDFEC1497C81E00A2E86A /* en */,
			);
			name = InfoPlist.strings;
			sourceTree = "<group>";
		};
		C4BFDFF71497C81E00A2E86A /* ViewController.xib */ = {
			isa = PBXVariantGroup;
			children = (
				C4BFDFF81497C81E00A2E86A /* en */,
			);
			name = ViewController.xib;
			sourceTree = "<group>";
		};
		C4BFE0091497C81E00A2E86A /* InfoPlist.strings */ = {
			isa = PBXVariantGroup;
			children = (
				C4BFE00A1497C81E00A2E86A /* en */,
			);
			name = InfoPlist.strings;
			sourceTree = "<group>";
		};
/* End PBXVariantGroup section */

/* Begin XCBuildConfiguration section */
		C4BFE00F1497C81E00A2E86A /* Debug */ = {
			isa = XCBuildConfiguration;
			buildSettings = {
				ALWAYS_SEARCH_USER_PATHS = NO;
				ARCHS = "$(ARCHS_STANDARD_32_BIT)";
				"CODE_SIGN_IDENTITY[sdk=iphoneos*]" = "iPhone Developer";
				COPY_PHASE_STRIP = NO;
				GCC_C_LANGUAGE_STANDARD = gnu99;
				GCC_DYNAMIC_NO_PIC = NO;
				GCC_OPTIMIZATION_LEVEL = 0;
				GCC_PREPROCESSOR_DEFINITIONS = (
					"DEBUG=1",
					"$(inherited)",
				);
				GCC_SYMBOLS_PRIVATE_EXTERN = NO;
				GCC_VERSION = com.apple.compilers.llvm.clang.1_0;
				GCC_WARN_ABOUT_MISSING_PROTOTYPES = YES;
				GCC_WARN_ABOUT_RETURN_TYPE = YES;
				GCC_WARN_UNUSED_VARIABLE = YES;
				IPHONEOS_DEPLOYMENT_TARGET = 5.0;
				SDKROOT = iphoneos;
			};
			name = Debug;
		};
		C4BFE0101497C81E00A2E86A /* Release */ = {
			isa = XCBuildConfiguration;
			buildSettings = {
				ALWAYS_SEARCH_USER_PATHS = NO;
				ARCHS = "$(ARCHS_STANDARD_32_BIT)";
				"CODE_SIGN_IDENTITY[sdk=iphoneos*]" = "iPhone Developer";
				COPY_PHASE_STRIP = YES;
				GCC_C_LANGUAGE_STANDARD = gnu99;
				GCC_VERSION = com.apple.compilers.llvm.clang.1_0;
				GCC_WARN_ABOUT_MISSING_PROTOTYPES = YES;
				GCC_WARN_ABOUT_RETURN_TYPE = YES;
				GCC_WARN_UNUSED_VARIABLE = YES;
				IPHONEOS_DEPLOYMENT_TARGET = 5.0;
				OTHER_CFLAGS = "-DNS_BLOCK_ASSERTIONS=1";
				SDKROOT = iphoneos;
				VALIDATE_PRODUCT = YES;
			};
			name = Release;
		};
		C4BFE0121497C81E00A2E86A /* Debug */ = {
			isa = XCBuildConfiguration;
			buildSettings = {
				CODE_SIGN_IDENTITY = "iPhone Developer";
				GCC_PRECOMPILE_PREFIX_HEADER = YES;
				GCC_PREFIX_HEADER = "RIISKata/RIISKata-Prefix.pch";
				INFOPLIST_FILE = "RIISKata/RIISKata-Info.plist";
				PRODUCT_NAME = "$(TARGET_NAME)";
				PROVISIONING_PROFILE = "";
				WRAPPER_EXTENSION = app;
			};
			name = Debug;
		};
		C4BFE0131497C81E00A2E86A /* Release */ = {
			isa = XCBuildConfiguration;
			buildSettings = {
				CODE_SIGN_IDENTITY = "iPhone Developer";
				GCC_PRECOMPILE_PREFIX_HEADER = YES;
				GCC_PREFIX_HEADER = "RIISKata/RIISKata-Prefix.pch";
				INFOPLIST_FILE = "RIISKata/RIISKata-Info.plist";
				PRODUCT_NAME = "$(TARGET_NAME)";
				PROVISIONING_PROFILE = "";
				WRAPPER_EXTENSION = app;
			};
			name = Release;
		};
		C4BFE0151497C81E00A2E86A /* Debug */ = {
			isa = XCBuildConfiguration;
			buildSettings = {
				BUNDLE_LOADER = "$(BUILT_PRODUCTS_DIR)/RIISKata.app/RIISKata";
				CODE_SIGN_IDENTITY = "iPhone Developer";
				FRAMEWORK_SEARCH_PATHS = (
					"$(SDKROOT)/Developer/Library/Frameworks",
					"$(DEVELOPER_LIBRARY_DIR)/Frameworks",
				);
				GCC_PRECOMPILE_PREFIX_HEADER = YES;
				GCC_PREFIX_HEADER = "RIISKata/RIISKata-Prefix.pch";
				HEADER_SEARCH_PATHS = "$(PROJECT_DIR)/Libraries/Headers/**";
				INFOPLIST_FILE = "RIISKataTests/RIISKataTests-Info.plist";
				LIBRARY_SEARCH_PATHS = (
					"$(inherited)",
					"\"$(SRCROOT)/Libraries\"",
				);
				PRODUCT_NAME = "$(TARGET_NAME)";
				PROVISIONING_PROFILE = "";
				TEST_HOST = "";
				USER_HEADER_SEARCH_PATHS = "$(PROJECT_DIR)/Libraries/Headers/**";
				WRAPPER_EXTENSION = octest;
			};
			name = Debug;
		};
		C4BFE0161497C81E00A2E86A /* Release */ = {
			isa = XCBuildConfiguration;
			buildSettings = {
				BUNDLE_LOADER = "$(BUILT_PRODUCTS_DIR)/RIISKata.app/RIISKata";
				CODE_SIGN_IDENTITY = "iPhone Developer";
				FRAMEWORK_SEARCH_PATHS = (
					"$(SDKROOT)/Developer/Library/Frameworks",
					"$(DEVELOPER_LIBRARY_DIR)/Frameworks",
				);
				GCC_PRECOMPILE_PREFIX_HEADER = YES;
				GCC_PREFIX_HEADER = "RIISKata/RIISKata-Prefix.pch";
				HEADER_SEARCH_PATHS = "$(PROJECT_DIR)/Libraries/Headers/**";
				INFOPLIST_FILE = "RIISKataTests/RIISKataTests-Info.plist";
				LIBRARY_SEARCH_PATHS = (
					"$(inherited)",
					"\"$(SRCROOT)/Libraries\"",
				);
				PRODUCT_NAME = "$(TARGET_NAME)";
				PROVISIONING_PROFILE = "";
				TEST_HOST = "";
				USER_HEADER_SEARCH_PATHS = "$(PROJECT_DIR)/Libraries/Headers/**";
				WRAPPER_EXTENSION = octest;
			};
			name = Release;
		};
/* End XCBuildConfiguration section */

/* Begin XCConfigurationList section */
		C4BFDFD81497C81E00A2E86A /* Build configuration list for PBXProject "RIISKata" */ = {
			isa = XCConfigurationList;
			buildConfigurations = (
				C4BFE00F1497C81E00A2E86A /* Debug */,
				C4BFE0101497C81E00A2E86A /* Release */,
			);
			defaultConfigurationIsVisible = 0;
			defaultConfigurationName = Release;
		};
		C4BFE0111497C81E00A2E86A /* Build configuration list for PBXNativeTarget "RIISKata" */ = {
			isa = XCConfigurationList;
			buildConfigurations = (
				C4BFE0121497C81E00A2E86A /* Debug */,
				C4BFE0131497C81E00A2E86A /* Release */,
			);
			defaultConfigurationIsVisible = 0;
			defaultConfigurationName = Release;
		};
		C4BFE0141497C81E00A2E86A /* Build configuration list for PBXNativeTarget "RIISKataTests" */ = {
			isa = XCConfigurationList;
			buildConfigurations = (
				C4BFE0151497C81E00A2E86A /* Debug */,
				C4BFE0161497C81E00A2E86A /* Release */,
			);
			defaultConfigurationIsVisible = 0;
			defaultConfigurationName = Release;
		};
/* End XCConfigurationList section */
	};
	rootObject = C4BFDFD51497C81E00A2E86A /* Project object */;
}
